
Microsoft Visual Studio Solution File, Format Version 12.00
# Visual Studio Version 16
VisualStudioVersion = 16.0.30413.136
MinimumVisualStudioVersion = 10.0.40219.1
Project("{FAE04EC0-301F-11D3-BF4B-00C04F79EFBC}") = "PolymorfiDemo", "PolymorfiDemo.csproj", "{C5EB1BBD-F8C7-4A3C-A4CF-D6F336C4F39C}"
EndProject
Global
	GlobalSection(SolutionConfigurationPlatforms) = preSolution
		Debug|Any CPU = Debug|Any CPU
		Release|Any CPU = Release|Any CPU
	EndGlobalSection
	GlobalSection(ProjectConfigurationPlatforms) = postSolution
		{C5EB1BBD-F8C7-4A3C-A4CF-D6F336C4F39C}.Debug|Any CPU.ActiveCfg = Debug|Any CPU
		{C5EB1BBD-F8C7-4A3C-A4CF-D6F336C4F39C}.Debug|Any CPU.Build.0 = Debug|Any CPU
		{C5EB1BBD-F8C7-4A3C-A4CF-D6F336C4F39C}.Release|Any CPU.ActiveCfg = Release|Any CPU
		{C5EB1BBD-F8C7-4A3C-A4CF-D6F336C4F39C}.Release|Any CPU.Build.0 = Release|Any CPU
	EndGlobalSection
	GlobalSection(SolutionProperties) = preSolution
		HideSolutionNode = FALSE
	EndGlobalSection
	GlobalSection(ExtensibilityGlobals) = postSolution
		SolutionGuid = {71CAE955-6CCE-48F6-B0C5-C1968FDB5FC1}
	EndGlobalSection
EndGlobal
