
Microsoft Visual Studio Solution File, Format Version 12.00
# Visual Studio Version 16
VisualStudioVersion = 16.0.30413.136
MinimumVisualStudioVersion = 10.0.40219.1
Project("{9A19103F-16F7-4668-BE54-9A1E7A4F7556}") = "HelloWorld", "HelloWorld.csproj", "{45CFC33F-A034-4D4A-B243-F63AB88FD02A}"
EndProject
Project("{FAE04EC0-301F-11D3-BF4B-00C04F79EFBC}") = "Homework_methods", "..\Homework_methods\Homework_methods.csproj", "{98431CFA-02E2-4B02-9901-2A506EEF447A}"
EndProject
Global
	GlobalSection(SolutionConfigurationPlatforms) = preSolution
		Debug|Any CPU = Debug|Any CPU
		Release|Any CPU = Release|Any CPU
	EndGlobalSection
	GlobalSection(ProjectConfigurationPlatforms) = postSolution
		{45CFC33F-A034-4D4A-B243-F63AB88FD02A}.Debug|Any CPU.ActiveCfg = Debug|Any CPU
		{45CFC33F-A034-4D4A-B243-F63AB88FD02A}.Debug|Any CPU.Build.0 = Debug|Any CPU
		{45CFC33F-A034-4D4A-B243-F63AB88FD02A}.Release|Any CPU.ActiveCfg = Release|Any CPU
		{45CFC33F-A034-4D4A-B243-F63AB88FD02A}.Release|Any CPU.Build.0 = Release|Any CPU
		{98431CFA-02E2-4B02-9901-2A506EEF447A}.Debug|Any CPU.ActiveCfg = Debug|Any CPU
		{98431CFA-02E2-4B02-9901-2A506EEF447A}.Debug|Any CPU.Build.0 = Debug|Any CPU
		{98431CFA-02E2-4B02-9901-2A506EEF447A}.Release|Any CPU.ActiveCfg = Release|Any CPU
		{98431CFA-02E2-4B02-9901-2A506EEF447A}.Release|Any CPU.Build.0 = Release|Any CPU
	EndGlobalSection
	GlobalSection(SolutionProperties) = preSolution
		HideSolutionNode = FALSE
	EndGlobalSection
	GlobalSection(ExtensibilityGlobals) = postSolution
		SolutionGuid = {E31B1179-60F3-407D-AC68-F7D7404BAB86}
	EndGlobalSection
EndGlobal
