
Microsoft Visual Studio Solution File, Format Version 12.00
# Visual Studio Version 16
VisualStudioVersion = 16.0.30413.136
MinimumVisualStudioVersion = 10.0.40219.1
Project("{FAE04EC0-301F-11D3-BF4B-00C04F79EFBC}") = "Objekt Orientering", "Objekt Orientering.csproj", "{1B3A3178-0349-4FDA-8594-FFB84EC35E97}"
EndProject
Global
	GlobalSection(SolutionConfigurationPlatforms) = preSolution
		Debug|Any CPU = Debug|Any CPU
		Release|Any CPU = Release|Any CPU
	EndGlobalSection
	GlobalSection(ProjectConfigurationPlatforms) = postSolution
		{1B3A3178-0349-4FDA-8594-FFB84EC35E97}.Debug|Any CPU.ActiveCfg = Debug|Any CPU
		{1B3A3178-0349-4FDA-8594-FFB84EC35E97}.Debug|Any CPU.Build.0 = Debug|Any CPU
		{1B3A3178-0349-4FDA-8594-FFB84EC35E97}.Release|Any CPU.ActiveCfg = Release|Any CPU
		{1B3A3178-0349-4FDA-8594-FFB84EC35E97}.Release|Any CPU.Build.0 = Release|Any CPU
	EndGlobalSection
	GlobalSection(SolutionProperties) = preSolution
		HideSolutionNode = FALSE
	EndGlobalSection
	GlobalSection(ExtensibilityGlobals) = postSolution
		SolutionGuid = {1131D9D7-6569-432C-883D-5C2570B43813}
	EndGlobalSection
EndGlobal
